{
  "nodes": {
    "arc": {
      "inputs": {
        "nixpkgs": [
          "nixpkgs"
        ]
      },
      "locked": {
        "lastModified": 1668993482,
        "narHash": "sha256-2navQiTshapiQwa2D5aQn5chUNSsT6rgTm5/jnt7V8Y=",
        "owner": "arcnmx",
        "repo": "nixexprs",
        "rev": "1f05812cdf15f9699b76456b9c0c3e5263e6790b",
        "type": "github"
      },
      "original": {
        "owner": "arcnmx",
        "repo": "nixexprs",
        "type": "github"
      }
    },
    "fl-config": {
      "locked": {
        "lastModified": 1653159448,
        "narHash": "sha256-PvB9ha0r4w6p412MBPP71kS/ZTBnOjxL0brlmyucPBA=",
        "owner": "flakelib",
        "repo": "fl",
        "rev": "fcefb9738d5995308a24cda018a083ccb6b0f460",
        "type": "github"
      },
      "original": {
        "owner": "flakelib",
        "ref": "config",
        "repo": "fl",
        "type": "github"
      }
    },
    "flakelib": {
      "inputs": {
        "fl-config": "fl-config",
        "std": "std"
      },
      "locked": {
        "lastModified": 1668992894,
        "narHash": "sha256-XZgJBHkJM+QtoKXpwyQq916BUINvMao76FOdXvz1jhI=",
        "owner": "flakelib",
        "repo": "fl",
        "rev": "48e4e0e96279f0c8b4841c0a6bd9725ad7bc18cf",
        "type": "github"
      },
      "original": {
        "owner": "flakelib",
        "repo": "fl",
        "type": "github"
      }
    },
    "nix-std": {
      "locked": {
        "lastModified": 1652644856,
        "narHash": "sha256-tRRx4bBFwctWrUhnCNrcRee8Wiol1M7ypQTOPrLLtkc=",
        "owner": "flakelib",
        "repo": "std",
        "rev": "194230d45e99ce84cf25ea8b3ae4774601fc097c",
        "type": "github"
      },
      "original": {
        "owner": "flakelib",
        "ref": "master",
        "repo": "std",
        "type": "github"
      }
    },
    "nixpkgs": {
      "locked": {
        "lastModified": 1668905981,
        "narHash": "sha256-RBQa/+9Uk1eFTqIOXBSBezlEbA3v5OkgP+qptQs1OxY=",
        "owner": "NixOS",
        "repo": "nixpkgs",
        "rev": "690ffff026b4e635b46f69002c0f4e81c65dfc2e",
        "type": "github"
      },
      "original": {
        "id": "nixpkgs",
        "type": "indirect"
      }
    },
    "root": {
      "inputs": {
        "arc": "arc",
        "flakelib": "flakelib",
        "nixpkgs": "nixpkgs",
        "rust": "rust"
      }
    },
    "rust": {
      "inputs": {
        "nixpkgs": [
          "nixpkgs"
        ]
      },
      "locked": {
        "lastModified": 1668989549,
        "narHash": "sha256-Lfe9c9Tt47TOwOQw5/E6n2GcqDgyRDSgiq6+lDCyiKM=",
        "owner": "arcnmx",
        "repo": "nixexprs-rust",
        "rev": "50ba6c1e59e4025b9f4cba1058d1439bfadcb65a",
        "type": "github"
      },
      "original": {
        "owner": "arcnmx",
        "repo": "nixexprs-rust",
        "type": "github"
      }
    },
    "std": {
      "inputs": {
        "nix-std": "nix-std"
      },
      "locked": {
        "lastModified": 1668992824,
        "narHash": "sha256-puM4KFvjQ+niOz/3I5Y9jeCq//YRcGShkehKPCZVCFU=",
        "owner": "flakelib",
        "repo": "std",
        "rev": "ac5872cfa3998f4d66fd4632c13611a19d402b78",
        "type": "github"
      },
      "original": {
        "owner": "flakelib",
        "repo": "std",
        "type": "github"
      }
    }
  },
  "root": "root",
  "version": 7
}
