{
  "nodes": {
    "arc": {
      "inputs": {
        "nixpkgs": [
          "nixpkgs"
        ]
      },
      "locked": {
        "lastModified": 1669593148,
        "narHash": "sha256-lCs1fHmYBmCLxd/G8ohYeXSgXSSb3PrpBeWc8Q67YJE=",
        "owner": "arcnmx",
        "repo": "nixexprs",
        "rev": "22549650065fc2effe3eebb79899e819f8d332c4",
        "type": "github"
      },
      "original": {
        "owner": "arcnmx",
        "repo": "nixexprs",
        "type": "github"
      }
    },
    "fl-config": {
      "locked": {
        "lastModified": 1653159448,
        "narHash": "sha256-PvB9ha0r4w6p412MBPP71kS/ZTBnOjxL0brlmyucPBA=",
        "owner": "flakelib",
        "repo": "fl",
        "rev": "fcefb9738d5995308a24cda018a083ccb6b0f460",
        "type": "github"
      },
      "original": {
        "owner": "flakelib",
        "ref": "config",
        "repo": "fl",
        "type": "github"
      }
    },
    "flakelib": {
      "inputs": {
        "fl-config": "fl-config",
        "std": "std"
      },
      "locked": {
        "lastModified": 1669598579,
        "narHash": "sha256-VJ+cY/wBLmY3YL8NUV23X9WmqlQih7m2/RnYYRZpRZQ=",
        "owner": "flakelib",
        "repo": "fl",
        "rev": "a752df5e3d6f56d6fbf286d9558046717d46cf06",
        "type": "github"
      },
      "original": {
        "owner": "flakelib",
        "repo": "fl",
        "type": "github"
      }
    },
    "nix-std": {
      "locked": {
        "lastModified": 1652644856,
        "narHash": "sha256-tRRx4bBFwctWrUhnCNrcRee8Wiol1M7ypQTOPrLLtkc=",
        "owner": "flakelib",
        "repo": "std",
        "rev": "194230d45e99ce84cf25ea8b3ae4774601fc097c",
        "type": "github"
      },
      "original": {
        "owner": "flakelib",
        "ref": "master",
        "repo": "std",
        "type": "github"
      }
    },
    "nixpkgs": {
      "locked": {
        "lastModified": 1669535121,
        "narHash": "sha256-koZLM7oWVGrjyHnYDo7/w5qlmUn9UZUKSFNfmIjueE8=",
        "owner": "NixOS",
        "repo": "nixpkgs",
        "rev": "b45ec953794bb07922f0468152ad1ebaf8a084b3",
        "type": "github"
      },
      "original": {
        "id": "nixpkgs",
        "type": "indirect"
      }
    },
    "root": {
      "inputs": {
        "arc": "arc",
        "flakelib": "flakelib",
        "nixpkgs": "nixpkgs",
        "rust": "rust"
      }
    },
    "rust": {
      "inputs": {
        "nixpkgs": [
          "nixpkgs"
        ]
      },
      "locked": {
        "lastModified": 1669598502,
        "narHash": "sha256-4NncVXZ4d1nv2gl1sUYEwZBcSCk6BH4Gy7RTrGZ6MjQ=",
        "owner": "arcnmx",
        "repo": "nixexprs-rust",
        "rev": "d17b186a4a31ef5a203efa1b7e786f031dd75192",
        "type": "github"
      },
      "original": {
        "owner": "arcnmx",
        "repo": "nixexprs-rust",
        "type": "github"
      }
    },
    "std": {
      "inputs": {
        "nix-std": "nix-std"
      },
      "locked": {
        "lastModified": 1669592722,
        "narHash": "sha256-aUfMQ/nPkvRf7CnsgCslYWQLwrXBpAGsp9Z1K842SoU=",
        "owner": "flakelib",
        "repo": "std",
        "rev": "2a220fee7a4f42b0ee72c3fb169c2fc367a1a82f",
        "type": "github"
      },
      "original": {
        "owner": "flakelib",
        "repo": "std",
        "type": "github"
      }
    }
  },
  "root": "root",
  "version": 7
}
